
Microsoft Visual Studio Solution File, Format Version 12.00
# Visual Studio Version 16
VisualStudioVersion = 16.0.30804.86
MinimumVisualStudioVersion = 10.0.40219.1
Project("{FAE04EC0-301F-11D3-BF4B-00C04F79EFBC}") = "DufflinMunder", "DufflinMunder\DufflinMunder.csproj", "{5C72FCF5-20EC-4532-92B5-5054BC06AE93}"
EndProject
Global
	GlobalSection(SolutionConfigurationPlatforms) = preSolution
		Debug|Any CPU = Debug|Any CPU
		Release|Any CPU = Release|Any CPU
	EndGlobalSection
	GlobalSection(ProjectConfigurationPlatforms) = postSolution
		{5C72FCF5-20EC-4532-92B5-5054BC06AE93}.Debug|Any CPU.ActiveCfg = Debug|Any CPU
		{5C72FCF5-20EC-4532-92B5-5054BC06AE93}.Debug|Any CPU.Build.0 = Debug|Any CPU
		{5C72FCF5-20EC-4532-92B5-5054BC06AE93}.Release|Any CPU.ActiveCfg = Release|Any CPU
		{5C72FCF5-20EC-4532-92B5-5054BC06AE93}.Release|Any CPU.Build.0 = Release|Any CPU
	EndGlobalSection
	GlobalSection(SolutionProperties) = preSolution
		HideSolutionNode = FALSE
	EndGlobalSection
	GlobalSection(ExtensibilityGlobals) = postSolution
		SolutionGuid = {C562A1EF-EC15-4DF3-9C33-AA783731D118}
	EndGlobalSection
EndGlobal
